
Microsoft Visual Studio Solution File, Format Version 12.00
# Visual Studio Version 16
VisualStudioVersion = 16.0.31410.357
MinimumVisualStudioVersion = 10.0.40219.1
Project("{FAE04EC0-301F-11D3-BF4B-00C04F79EFBC}") = "WindowsFormsApp1", "WindowsFormsApp1.csproj", "{2A590986-A47F-41F6-A3C7-63E3220DF112}"
EndProject
Global
	GlobalSection(SolutionConfigurationPlatforms) = preSolution
		Debug|Any CPU = Debug|Any CPU
		Debug|x86 = Debug|x86
		Release|Any CPU = Release|Any CPU
		Release|x86 = Release|x86
	EndGlobalSection
	GlobalSection(ProjectConfigurationPlatforms) = postSolution
		{2A590986-A47F-41F6-A3C7-63E3220DF112}.Debug|Any CPU.ActiveCfg = Debug|Any CPU
		{2A590986-A47F-41F6-A3C7-63E3220DF112}.Debug|Any CPU.Build.0 = Debug|Any CPU
		{2A590986-A47F-41F6-A3C7-63E3220DF112}.Debug|x86.ActiveCfg = Debug|x86
		{2A590986-A47F-41F6-A3C7-63E3220DF112}.Debug|x86.Build.0 = Debug|x86
		{2A590986-A47F-41F6-A3C7-63E3220DF112}.Release|Any CPU.ActiveCfg = Release|Any CPU
		{2A590986-A47F-41F6-A3C7-63E3220DF112}.Release|Any CPU.Build.0 = Release|Any CPU
		{2A590986-A47F-41F6-A3C7-63E3220DF112}.Release|x86.ActiveCfg = Release|x86
		{2A590986-A47F-41F6-A3C7-63E3220DF112}.Release|x86.Build.0 = Release|x86
	EndGlobalSection
	GlobalSection(SolutionProperties) = preSolution
		HideSolutionNode = FALSE
	EndGlobalSection
	GlobalSection(ExtensibilityGlobals) = postSolution
		SolutionGuid = {9A842378-7E00-4C91-A69F-6A9F361ECCA5}
	EndGlobalSection
EndGlobal
